
Microsoft Visual Studio Solution File, Format Version 12.00
# Visual Studio Version 16
VisualStudioVersion = 16.0.32106.194
MinimumVisualStudioVersion = 10.0.40219.1
Project("{FAE04EC0-301F-11D3-BF4B-00C04F79EFBC}") = "UserInfoAPI", "UserInfoAPI\UserInfoAPI.csproj", "{61483D8F-869C-4FBF-AAA1-2FECC41D7AC8}"
EndProject
Global
	GlobalSection(SolutionConfigurationPlatforms) = preSolution
		Debug|Any CPU = Debug|Any CPU
		Release|Any CPU = Release|Any CPU
	EndGlobalSection
	GlobalSection(ProjectConfigurationPlatforms) = postSolution
		{61483D8F-869C-4FBF-AAA1-2FECC41D7AC8}.Debug|Any CPU.ActiveCfg = Debug|Any CPU
		{61483D8F-869C-4FBF-AAA1-2FECC41D7AC8}.Debug|Any CPU.Build.0 = Debug|Any CPU
		{61483D8F-869C-4FBF-AAA1-2FECC41D7AC8}.Release|Any CPU.ActiveCfg = Release|Any CPU
		{61483D8F-869C-4FBF-AAA1-2FECC41D7AC8}.Release|Any CPU.Build.0 = Release|Any CPU
	EndGlobalSection
	GlobalSection(SolutionProperties) = preSolution
		HideSolutionNode = FALSE
	EndGlobalSection
	GlobalSection(ExtensibilityGlobals) = postSolution
		SolutionGuid = {FF4778F5-CCA3-4499-954E-F8C69D8EE330}
	EndGlobalSection
EndGlobal
