
Microsoft Visual Studio Solution File, Format Version 12.00
# Visual Studio Version 16
VisualStudioVersion = 16.0.32106.194
MinimumVisualStudioVersion = 10.0.40219.1
Project("{FAE04EC0-301F-11D3-BF4B-00C04F79EFBC}") = "UserAPI", "UserAPI\UserAPI.csproj", "{D19105C3-FA8C-42A5-B50D-BCD4BF2F4B55}"
EndProject
Global
	GlobalSection(SolutionConfigurationPlatforms) = preSolution
		Debug|Any CPU = Debug|Any CPU
		Release|Any CPU = Release|Any CPU
	EndGlobalSection
	GlobalSection(ProjectConfigurationPlatforms) = postSolution
		{D19105C3-FA8C-42A5-B50D-BCD4BF2F4B55}.Debug|Any CPU.ActiveCfg = Debug|Any CPU
		{D19105C3-FA8C-42A5-B50D-BCD4BF2F4B55}.Debug|Any CPU.Build.0 = Debug|Any CPU
		{D19105C3-FA8C-42A5-B50D-BCD4BF2F4B55}.Release|Any CPU.ActiveCfg = Release|Any CPU
		{D19105C3-FA8C-42A5-B50D-BCD4BF2F4B55}.Release|Any CPU.Build.0 = Release|Any CPU
	EndGlobalSection
	GlobalSection(SolutionProperties) = preSolution
		HideSolutionNode = FALSE
	EndGlobalSection
	GlobalSection(ExtensibilityGlobals) = postSolution
		SolutionGuid = {909BA49A-82C7-41A7-9F3F-073535B8089A}
	EndGlobalSection
EndGlobal
