
Microsoft Visual Studio Solution File, Format Version 12.00
# Visual Studio Version 16
VisualStudioVersion = 16.0.32106.194
MinimumVisualStudioVersion = 10.0.40219.1
Project("{FAE04EC0-301F-11D3-BF4B-00C04F79EFBC}") = "GatewayAPI", "GatewayAPI\GatewayAPI.csproj", "{253EE819-89FB-4A7F-8CFD-066A35F7229D}"
EndProject
Global
	GlobalSection(SolutionConfigurationPlatforms) = preSolution
		Debug|Any CPU = Debug|Any CPU
		Release|Any CPU = Release|Any CPU
	EndGlobalSection
	GlobalSection(ProjectConfigurationPlatforms) = postSolution
		{253EE819-89FB-4A7F-8CFD-066A35F7229D}.Debug|Any CPU.ActiveCfg = Debug|Any CPU
		{253EE819-89FB-4A7F-8CFD-066A35F7229D}.Debug|Any CPU.Build.0 = Debug|Any CPU
		{253EE819-89FB-4A7F-8CFD-066A35F7229D}.Release|Any CPU.ActiveCfg = Release|Any CPU
		{253EE819-89FB-4A7F-8CFD-066A35F7229D}.Release|Any CPU.Build.0 = Release|Any CPU
	EndGlobalSection
	GlobalSection(SolutionProperties) = preSolution
		HideSolutionNode = FALSE
	EndGlobalSection
	GlobalSection(ExtensibilityGlobals) = postSolution
		SolutionGuid = {B1CEAD72-9518-434B-878B-5DA0015F40F2}
	EndGlobalSection
EndGlobal
